// !$*UTF8*$!
{
	archiveVersion = 1;
	classes = {
	};
	objectVersion = 50;
	objects = {

/* Begin PBXBuildFile section */
		93B1901E21ED77B6006DA8DC /* AppDelegate.swift in Sources */ = {isa = PBXBuildFile; fileRef = 93B1901D21ED77B6006DA8DC /* AppDelegate.swift */; };
		93B1902321ED77B6006DA8DC /* Main.storyboard in Resources */ = {isa = PBXBuildFile; fileRef = 93B1902121ED77B6006DA8DC /* Main.storyboard */; };
		93B1902521ED77B7006DA8DC /* Assets.xcassets in Resources */ = {isa = PBXBuildFile; fileRef = 93B1902421ED77B7006DA8DC /* Assets.xcassets */; };
		93B1902821ED77B7006DA8DC /* LaunchScreen.storyboard in Resources */ = {isa = PBXBuildFile; fileRef = 93B1902621ED77B7006DA8DC /* LaunchScreen.storyboard */; };
		93B1903021ED77C4006DA8DC /* Model.swift in Sources */ = {isa = PBXBuildFile; fileRef = 93B1902F21ED77C4006DA8DC /* Model.swift */; };
		93B1903221ED7BED006DA8DC /* StorageController.swift in Sources */ = {isa = PBXBuildFile; fileRef = 93B1903121ED7BED006DA8DC /* StorageController.swift */; };
		93B1903421ED7E10006DA8DC /* StateController.swift in Sources */ = {isa = PBXBuildFile; fileRef = 93B1903321ED7E10006DA8DC /* StateController.swift */; };
		93B1903621EDAB28006DA8DC /* AccountsViewController.swift in Sources */ = {isa = PBXBuildFile; fileRef = 93B1903521EDAB28006DA8DC /* AccountsViewController.swift */; };
		93B1903821EDAB39006DA8DC /* CreateAccountViewController.swift in Sources */ = {isa = PBXBuildFile; fileRef = 93B1903721EDAB39006DA8DC /* CreateAccountViewController.swift */; };
		93B1903A21EDAB46006DA8DC /* TransactionsViewController.swift in Sources */ = {isa = PBXBuildFile; fileRef = 93B1903921EDAB46006DA8DC /* TransactionsViewController.swift */; };
		93B1903C21EDAB57006DA8DC /* CreateTransactionViewController.swift in Sources */ = {isa = PBXBuildFile; fileRef = 93B1903B21EDAB57006DA8DC /* CreateTransactionViewController.swift */; };
		93B1903E21EDCC84006DA8DC /* UIView.swift in Sources */ = {isa = PBXBuildFile; fileRef = 93B1903D21EDCC84006DA8DC /* UIView.swift */; };
		93B1904021EDD251006DA8DC /* NewTransactionView.swift in Sources */ = {isa = PBXBuildFile; fileRef = 93B1903F21EDD251006DA8DC /* NewTransactionView.swift */; };
		93B1904221EDD5A6006DA8DC /* AccountCell.swift in Sources */ = {isa = PBXBuildFile; fileRef = 93B1904121EDD5A6006DA8DC /* AccountCell.swift */; };
		93B1904421EDFA2B006DA8DC /* TransactionCell.swift in Sources */ = {isa = PBXBuildFile; fileRef = 93B1904321EDFA2B006DA8DC /* TransactionCell.swift */; };
/* End PBXBuildFile section */

/* Begin PBXFileReference section */
		93B1901A21ED77B6006DA8DC /* AccountApp.app */ = {isa = PBXFileReference; explicitFileType = wrapper.application; includeInIndex = 0; path = AccountApp.app; sourceTree = BUILT_PRODUCTS_DIR; };
		93B1901D21ED77B6006DA8DC /* AppDelegate.swift */ = {isa = PBXFileReference; lastKnownFileType = sourcecode.swift; path = AppDelegate.swift; sourceTree = "<group>"; };
		93B1902221ED77B6006DA8DC /* Base */ = {isa = PBXFileReference; lastKnownFileType = file.storyboard; name = Base; path = Base.lproj/Main.storyboard; sourceTree = "<group>"; };
		93B1902421ED77B7006DA8DC /* Assets.xcassets */ = {isa = PBXFileReference; lastKnownFileType = folder.assetcatalog; path = Assets.xcassets; sourceTree = "<group>"; };
		93B1902721ED77B7006DA8DC /* Base */ = {isa = PBXFileReference; lastKnownFileType = file.storyboard; name = Base; path = Base.lproj/LaunchScreen.storyboard; sourceTree = "<group>"; };
		93B1902921ED77B7006DA8DC /* Info.plist */ = {isa = PBXFileReference; lastKnownFileType = text.plist.xml; path = Info.plist; sourceTree = "<group>"; };
		93B1902F21ED77C4006DA8DC /* Model.swift */ = {isa = PBXFileReference; lastKnownFileType = sourcecode.swift; path = Model.swift; sourceTree = "<group>"; };
		93B1903121ED7BED006DA8DC /* StorageController.swift */ = {isa = PBXFileReference; lastKnownFileType = sourcecode.swift; path = StorageController.swift; sourceTree = "<group>"; };
		93B1903321ED7E10006DA8DC /* StateController.swift */ = {isa = PBXFileReference; lastKnownFileType = sourcecode.swift; path = StateController.swift; sourceTree = "<group>"; };
		93B1903521EDAB28006DA8DC /* AccountsViewController.swift */ = {isa = PBXFileReference; lastKnownFileType = sourcecode.swift; path = AccountsViewController.swift; sourceTree = "<group>"; };
		93B1903721EDAB39006DA8DC /* CreateAccountViewController.swift */ = {isa = PBXFileReference; lastKnownFileType = sourcecode.swift; path = CreateAccountViewController.swift; sourceTree = "<group>"; };
		93B1903921EDAB46006DA8DC /* TransactionsViewController.swift */ = {isa = PBXFileReference; lastKnownFileType = sourcecode.swift; path = TransactionsViewController.swift; sourceTree = "<group>"; };
		93B1903B21EDAB57006DA8DC /* CreateTransactionViewController.swift */ = {isa = PBXFileReference; lastKnownFileType = sourcecode.swift; path = CreateTransactionViewController.swift; sourceTree = "<group>"; };
		93B1903D21EDCC84006DA8DC /* UIView.swift */ = {isa = PBXFileReference; lastKnownFileType = sourcecode.swift; path = UIView.swift; sourceTree = "<group>"; };
		93B1903F21EDD251006DA8DC /* NewTransactionView.swift */ = {isa = PBXFileReference; lastKnownFileType = sourcecode.swift; path = NewTransactionView.swift; sourceTree = "<group>"; };
		93B1904121EDD5A6006DA8DC /* AccountCell.swift */ = {isa = PBXFileReference; lastKnownFileType = sourcecode.swift; path = AccountCell.swift; sourceTree = "<group>"; };
		93B1904321EDFA2B006DA8DC /* TransactionCell.swift */ = {isa = PBXFileReference; lastKnownFileType = sourcecode.swift; path = TransactionCell.swift; sourceTree = "<group>"; };
/* End PBXFileReference section */

/* Begin PBXFrameworksBuildPhase section */
		93B1901721ED77B6006DA8DC /* Frameworks */ = {
			isa = PBXFrameworksBuildPhase;
			buildActionMask = 2147483647;
			files = (
			);
			runOnlyForDeploymentPostprocessing = 0;
		};
/* End PBXFrameworksBuildPhase section */

/* Begin PBXGroup section */
		93B1901121ED77B6006DA8DC = {
			isa = PBXGroup;
			children = (
				93B1901C21ED77B6006DA8DC /* AccountApp */,
				93B1901B21ED77B6006DA8DC /* Products */,
			);
			sourceTree = "<group>";
		};
		93B1901B21ED77B6006DA8DC /* Products */ = {
			isa = PBXGroup;
			children = (
				93B1901A21ED77B6006DA8DC /* AccountApp.app */,
			);
			name = Products;
			sourceTree = "<group>";
		};
		93B1901C21ED77B6006DA8DC /* AccountApp */ = {
			isa = PBXGroup;
			children = (
				93B1901D21ED77B6006DA8DC /* AppDelegate.swift */,
				93B1902121ED77B6006DA8DC /* Main.storyboard */,
				93B1902421ED77B7006DA8DC /* Assets.xcassets */,
				93B1902621ED77B7006DA8DC /* LaunchScreen.storyboard */,
				93B1902921ED77B7006DA8DC /* Info.plist */,
				93B1902F21ED77C4006DA8DC /* Model.swift */,
				93B1903121ED7BED006DA8DC /* StorageController.swift */,
				93B1903321ED7E10006DA8DC /* StateController.swift */,
				93B1903521EDAB28006DA8DC /* AccountsViewController.swift */,
				93B1903721EDAB39006DA8DC /* CreateAccountViewController.swift */,
				93B1903921EDAB46006DA8DC /* TransactionsViewController.swift */,
				93B1903B21EDAB57006DA8DC /* CreateTransactionViewController.swift */,
				93B1903D21EDCC84006DA8DC /* UIView.swift */,
				93B1903F21EDD251006DA8DC /* NewTransactionView.swift */,
				93B1904121EDD5A6006DA8DC /* AccountCell.swift */,
				93B1904321EDFA2B006DA8DC /* TransactionCell.swift */,
			);
			path = AccountApp;
			sourceTree = "<group>";
		};
/* End PBXGroup section */

/* Begin PBXNativeTarget section */
		93B1901921ED77B6006DA8DC /* AccountApp */ = {
			isa = PBXNativeTarget;
			buildConfigurationList = 93B1902C21ED77B7006DA8DC /* Build configuration list for PBXNativeTarget "AccountApp" */;
			buildPhases = (
				93B1901621ED77B6006DA8DC /* Sources */,
				93B1901721ED77B6006DA8DC /* Frameworks */,
				93B1901821ED77B6006DA8DC /* Resources */,
			);
			buildRules = (
			);
			dependencies = (
			);
			name = AccountApp;
			productName = AccountApp;
			productReference = 93B1901A21ED77B6006DA8DC /* AccountApp.app */;
			productType = "com.apple.product-type.application";
		};
/* End PBXNativeTarget section */

/* Begin PBXProject section */
		93B1901221ED77B6006DA8DC /* Project object */ = {
			isa = PBXProject;
			attributes = {
				LastSwiftUpdateCheck = 1010;
				LastUpgradeCheck = 1010;
				ORGANIZATIONNAME = zombietux;
				TargetAttributes = {
					93B1901921ED77B6006DA8DC = {
						CreatedOnToolsVersion = 10.1;
					};
				};
			};
			buildConfigurationList = 93B1901521ED77B6006DA8DC /* Build configuration list for PBXProject "AccountApp" */;
			compatibilityVersion = "Xcode 9.3";
			developmentRegion = en;
			hasScannedForEncodings = 0;
			knownRegions = (
				en,
				Base,
			);
			mainGroup = 93B1901121ED77B6006DA8DC;
			productRefGroup = 93B1901B21ED77B6006DA8DC /* Products */;
			projectDirPath = "";
			projectRoot = "";
			targets = (
				93B1901921ED77B6006DA8DC /* AccountApp */,
			);
		};
/* End PBXProject section */

/* Begin PBXResourcesBuildPhase section */
		93B1901821ED77B6006DA8DC /* Resources */ = {
			isa = PBXResourcesBuildPhase;
			buildActionMask = 2147483647;
			files = (
				93B1902821ED77B7006DA8DC /* LaunchScreen.storyboard in Resources */,
				93B1902521ED77B7006DA8DC /* Assets.xcassets in Resources */,
				93B1902321ED77B6006DA8DC /* Main.storyboard in Resources */,
			);
			runOnlyForDeploymentPostprocessing = 0;
		};
/* End PBXResourcesBuildPhase section */

/* Begin PBXSourcesBuildPhase section */
		93B1901621ED77B6006DA8DC /* Sources */ = {
			isa = PBXSourcesBuildPhase;
			buildActionMask = 2147483647;
			files = (
				93B1903A21EDAB46006DA8DC /* TransactionsViewController.swift in Sources */,
				93B1903C21EDAB57006DA8DC /* CreateTransactionViewController.swift in Sources */,
				93B1904421EDFA2B006DA8DC /* TransactionCell.swift in Sources */,
				93B1904021EDD251006DA8DC /* NewTransactionView.swift in Sources */,
				93B1903821EDAB39006DA8DC /* CreateAccountViewController.swift in Sources */,
				93B1903021ED77C4006DA8DC /* Model.swift in Sources */,
				93B1903E21EDCC84006DA8DC /* UIView.swift in Sources */,
				93B1901E21ED77B6006DA8DC /* AppDelegate.swift in Sources */,
				93B1903621EDAB28006DA8DC /* AccountsViewController.swift in Sources */,
				93B1903221ED7BED006DA8DC /* StorageController.swift in Sources */,
				93B1904221EDD5A6006DA8DC /* AccountCell.swift in Sources */,
				93B1903421ED7E10006DA8DC /* StateController.swift in Sources */,
			);
			runOnlyForDeploymentPostprocessing = 0;
		};
/* End PBXSourcesBuildPhase section */

/* Begin PBXVariantGroup section */
		93B1902121ED77B6006DA8DC /* Main.storyboard */ = {
			isa = PBXVariantGroup;
			children = (
				93B1902221ED77B6006DA8DC /* Base */,
			);
			name = Main.storyboard;
			sourceTree = "<group>";
		};
		93B1902621ED77B7006DA8DC /* LaunchScreen.storyboard */ = {
			isa = PBXVariantGroup;
			children = (
				93B1902721ED77B7006DA8DC /* Base */,
			);
			name = LaunchScreen.storyboard;
			sourceTree = "<group>";
		};
/* End PBXVariantGroup section */

/* Begin XCBuildConfiguration section */
		93B1902A21ED77B7006DA8DC /* Debug */ = {
			isa = XCBuildConfiguration;
			buildSettings = {
				ALWAYS_SEARCH_USER_PATHS = NO;
				CLANG_ANALYZER_NONNULL = YES;
				CLANG_ANALYZER_NUMBER_OBJECT_CONVERSION = YES_AGGRESSIVE;
				CLANG_CXX_LANGUAGE_STANDARD = "gnu++14";
				CLANG_CXX_LIBRARY = "libc++";
				CLANG_ENABLE_MODULES = YES;
				CLANG_ENABLE_OBJC_ARC = YES;
				CLANG_ENABLE_OBJC_WEAK = YES;
				CLANG_WARN_BLOCK_CAPTURE_AUTORELEASING = YES;
				CLANG_WARN_BOOL_CONVERSION = YES;
				CLANG_WARN_COMMA = YES;
				CLANG_WARN_CONSTANT_CONVERSION = YES;
				CLANG_WARN_DEPRECATED_OBJC_IMPLEMENTATIONS = YES;
				CLANG_WARN_DIRECT_OBJC_ISA_USAGE = YES_ERROR;
				CLANG_WARN_DOCUMENTATION_COMMENTS = YES;
				CLANG_WARN_EMPTY_BODY = YES;
				CLANG_WARN_ENUM_CONVERSION = YES;
				CLANG_WARN_INFINITE_RECURSION = YES;
				CLANG_WARN_INT_CONVERSION = YES;
				CLANG_WARN_NON_LITERAL_NULL_CONVERSION = YES;
				CLANG_WARN_OBJC_IMPLICIT_RETAIN_SELF = YES;
				CLANG_WARN_OBJC_LITERAL_CONVERSION = YES;
				CLANG_WARN_OBJC_ROOT_CLASS = YES_ERROR;
				CLANG_WARN_RANGE_LOOP_ANALYSIS = YES;
				CLANG_WARN_STRICT_PROTOTYPES = YES;
				CLANG_WARN_SUSPICIOUS_MOVE = YES;
				CLANG_WARN_UNGUARDED_AVAILABILITY = YES_AGGRESSIVE;
				CLANG_WARN_UNREACHABLE_CODE = YES;
				CLANG_WARN__DUPLICATE_METHOD_MATCH = YES;
				CODE_SIGN_IDENTITY = "iPhone Developer";
				COPY_PHASE_STRIP = NO;
				DEBUG_INFORMATION_FORMAT = dwarf;
				ENABLE_STRICT_OBJC_MSGSEND = YES;
				ENABLE_TESTABILITY = YES;
				GCC_C_LANGUAGE_STANDARD = gnu11;
				GCC_DYNAMIC_NO_PIC = NO;
				GCC_NO_COMMON_BLOCKS = YES;
				GCC_OPTIMIZATION_LEVEL = 0;
				GCC_PREPROCESSOR_DEFINITIONS = (
					"DEBUG=1",
					"$(inherited)",
				);
				GCC_WARN_64_TO_32_BIT_CONVERSION = YES;
				GCC_WARN_ABOUT_RETURN_TYPE = YES_ERROR;
				GCC_WARN_UNDECLARED_SELECTOR = YES;
				GCC_WARN_UNINITIALIZED_AUTOS = YES_AGGRESSIVE;
				GCC_WARN_UNUSED_FUNCTION = YES;
				GCC_WARN_UNUSED_VARIABLE = YES;
				IPHONEOS_DEPLOYMENT_TARGET = 12.1;
				MTL_ENABLE_DEBUG_INFO = INCLUDE_SOURCE;
				MTL_FAST_MATH = YES;
				ONLY_ACTIVE_ARCH = YES;
				SDKROOT = iphoneos;
				SWIFT_ACTIVE_COMPILATION_CONDITIONS = DEBUG;
				SWIFT_OPTIMIZATION_LEVEL = "-Onone";
			};
			name = Debug;
		};
		93B1902B21ED77B7006DA8DC /* Release */ = {
			isa = XCBuildConfiguration;
			buildSettings = {
				ALWAYS_SEARCH_USER_PATHS = NO;
				CLANG_ANALYZER_NONNULL = YES;
				CLANG_ANALYZER_NUMBER_OBJECT_CONVERSION = YES_AGGRESSIVE;
				CLANG_CXX_LANGUAGE_STANDARD = "gnu++14";
				CLANG_CXX_LIBRARY = "libc++";
				CLANG_ENABLE_MODULES = YES;
				CLANG_ENABLE_OBJC_ARC = YES;
				CLANG_ENABLE_OBJC_WEAK = YES;
				CLANG_WARN_BLOCK_CAPTURE_AUTORELEASING = YES;
				CLANG_WARN_BOOL_CONVERSION = YES;
				CLANG_WARN_COMMA = YES;
				CLANG_WARN_CONSTANT_CONVERSION = YES;
				CLANG_WARN_DEPRECATED_OBJC_IMPLEMENTATIONS = YES;
				CLANG_WARN_DIRECT_OBJC_ISA_USAGE = YES_ERROR;
				CLANG_WARN_DOCUMENTATION_COMMENTS = YES;
				CLANG_WARN_EMPTY_BODY = YES;
				CLANG_WARN_ENUM_CONVERSION = YES;
				CLANG_WARN_INFINITE_RECURSION = YES;
				CLANG_WARN_INT_CONVERSION = YES;
				CLANG_WARN_NON_LITERAL_NULL_CONVERSION = YES;
				CLANG_WARN_OBJC_IMPLICIT_RETAIN_SELF = YES;
				CLANG_WARN_OBJC_LITERAL_CONVERSION = YES;
				CLANG_WARN_OBJC_ROOT_CLASS = YES_ERROR;
				CLANG_WARN_RANGE_LOOP_ANALYSIS = YES;
				CLANG_WARN_STRICT_PROTOTYPES = YES;
				CLANG_WARN_SUSPICIOUS_MOVE = YES;
				CLANG_WARN_UNGUARDED_AVAILABILITY = YES_AGGRESSIVE;
				CLANG_WARN_UNREACHABLE_CODE = YES;
				CLANG_WARN__DUPLICATE_METHOD_MATCH = YES;
				CODE_SIGN_IDENTITY = "iPhone Developer";
				COPY_PHASE_STRIP = NO;
				DEBUG_INFORMATION_FORMAT = "dwarf-with-dsym";
				ENABLE_NS_ASSERTIONS = NO;
				ENABLE_STRICT_OBJC_MSGSEND = YES;
				GCC_C_LANGUAGE_STANDARD = gnu11;
				GCC_NO_COMMON_BLOCKS = YES;
				GCC_WARN_64_TO_32_BIT_CONVERSION = YES;
				GCC_WARN_ABOUT_RETURN_TYPE = YES_ERROR;
				GCC_WARN_UNDECLARED_SELECTOR = YES;
				GCC_WARN_UNINITIALIZED_AUTOS = YES_AGGRESSIVE;
				GCC_WARN_UNUSED_FUNCTION = YES;
				GCC_WARN_UNUSED_VARIABLE = YES;
				IPHONEOS_DEPLOYMENT_TARGET = 12.1;
				MTL_ENABLE_DEBUG_INFO = NO;
				MTL_FAST_MATH = YES;
				SDKROOT = iphoneos;
				SWIFT_COMPILATION_MODE = wholemodule;
				SWIFT_OPTIMIZATION_LEVEL = "-O";
				VALIDATE_PRODUCT = YES;
			};
			name = Release;
		};
		93B1902D21ED77B7006DA8DC /* Debug */ = {
			isa = XCBuildConfiguration;
			buildSettings = {
				ASSETCATALOG_COMPILER_APPICON_NAME = AppIcon;
				CODE_SIGN_STYLE = Automatic;
				DEVELOPMENT_TEAM = 8G43M5CX79;
				INFOPLIST_FILE = AccountApp/Info.plist;
				LD_RUNPATH_SEARCH_PATHS = (
					"$(inherited)",
					"@executable_path/Frameworks",
				);
				PRODUCT_BUNDLE_IDENTIFIER = kr.zombietux.AccountApp;
				PRODUCT_NAME = "$(TARGET_NAME)";
				SWIFT_VERSION = 4.2;
				TARGETED_DEVICE_FAMILY = "1,2";
			};
			name = Debug;
		};
		93B1902E21ED77B7006DA8DC /* Release */ = {
			isa = XCBuildConfiguration;
			buildSettings = {
				ASSETCATALOG_COMPILER_APPICON_NAME = AppIcon;
				CODE_SIGN_STYLE = Automatic;
				DEVELOPMENT_TEAM = 8G43M5CX79;
				INFOPLIST_FILE = AccountApp/Info.plist;
				LD_RUNPATH_SEARCH_PATHS = (
					"$(inherited)",
					"@executable_path/Frameworks",
				);
				PRODUCT_BUNDLE_IDENTIFIER = kr.zombietux.AccountApp;
				PRODUCT_NAME = "$(TARGET_NAME)";
				SWIFT_VERSION = 4.2;
				TARGETED_DEVICE_FAMILY = "1,2";
			};
			name = Release;
		};
/* End XCBuildConfiguration section */

/* Begin XCConfigurationList section */
		93B1901521ED77B6006DA8DC /* Build configuration list for PBXProject "AccountApp" */ = {
			isa = XCConfigurationList;
			buildConfigurations = (
				93B1902A21ED77B7006DA8DC /* Debug */,
				93B1902B21ED77B7006DA8DC /* Release */,
			);
			defaultConfigurationIsVisible = 0;
			defaultConfigurationName = Release;
		};
		93B1902C21ED77B7006DA8DC /* Build configuration list for PBXNativeTarget "AccountApp" */ = {
			isa = XCConfigurationList;
			buildConfigurations = (
				93B1902D21ED77B7006DA8DC /* Debug */,
				93B1902E21ED77B7006DA8DC /* Release */,
			);
			defaultConfigurationIsVisible = 0;
			defaultConfigurationName = Release;
		};
/* End XCConfigurationList section */
	};
	rootObject = 93B1901221ED77B6006DA8DC /* Project object */;
}
